# terraform init

C:\Users\tarun\terraform-docker>terraform init
Initializing the backend...
Initializing provider plugins...
- Reusing previous version of kreuzwerker/docker from the dependency lock file
- Using previously-installed kreuzwerker/docker v3.0.2

Terraform has been successfully initialized!

You may now begin working with Terraform. Try running "terraform plan" to see
any changes that are required for your infrastructure. All Terraform commands
should now work.

If you ever set or change modules or backend configuration for Terraform,
rerun this command to reinitialize your working directory. If you forget, other
commands will detect it and remind you to do so if necessary.

# terraform plan

C:\Users\tarun\terraform-docker>terraform plan

Terraform used the selected providers to generate the following execution plan. Resource actions are indicated with the
following symbols:
  + create

Terraform will perform the following actions:

  # docker_container.nginx_container will be created
  + resource "docker_container" "nginx_container" {
      + attach                                      = false
      + bridge                                      = (known after apply)
      + command                                     = (known after apply)
      + container_logs                              = (known after apply)
      + container_read_refresh_timeout_milliseconds = 15000
      + entrypoint                                  = (known after apply)
      + env                                         = (known after apply)
      + exit_code                                   = (known after apply)
      + hostname                                    = (known after apply)
      + id                                          = (known after apply)
      + image                                       = "nginx:latest"
      + init                                        = (known after apply)
      + ipc_mode                                    = (known after apply)
      + log_driver                                  = (known after apply)
      + logs                                        = false
      + must_run                                    = true
      + name                                        = "nginx_container"
      + network_data                                = (known after apply)
      + read_only                                   = false
      + remove_volumes                              = true
      + restart                                     = "no"
      + rm                                          = false
      + runtime                                     = (known after apply)
      + security_opts                               = (known after apply)
      + shm_size                                    = (known after apply)
      + start                                       = true
      + stdin_open                                  = false
      + stop_signal                                 = (known after apply)
      + stop_timeout                                = (known after apply)
      + tty                                         = false
      + wait                                        = false
      + wait_timeout                                = 60

      + healthcheck (known after apply)

      + labels (known after apply)

      + ports {
          + external = 8081
          + internal = 80
          + ip       = "0.0.0.0"
          + protocol = "tcp"
        }
    }

  # docker_image.nginx will be created
  + resource "docker_image" "nginx" {
      + id          = (known after apply)
      + image_id    = (known after apply)
      + name        = "nginx:latest"
      + repo_digest = (known after apply)
    }

Plan: 2 to add, 0 to change, 0 to destroy.

───────────────────────────────────────────────────────────────────────────────────────────────────────────────────────

Note: You didn't use the -out option to save this plan, so Terraform can't guarantee to take exactly these actions if
you run "terraform apply" now.

# terraform apply

C:\Users\tarun\terraform-docker>terraform apply

Terraform used the selected providers to generate the following execution plan. Resource actions are indicated with the
following symbols:
  + create

Terraform will perform the following actions:

  # docker_container.nginx_container will be created
  + resource "docker_container" "nginx_container" {
      + attach                                      = false
      + bridge                                      = (known after apply)
      + command                                     = (known after apply)
      + container_logs                              = (known after apply)
      + container_read_refresh_timeout_milliseconds = 15000
      + entrypoint                                  = (known after apply)
      + env                                         = (known after apply)
      + exit_code                                   = (known after apply)
      + hostname                                    = (known after apply)
      + id                                          = (known after apply)
      + image                                       = "nginx:latest"
      + init                                        = (known after apply)
      + ipc_mode                                    = (known after apply)
      + log_driver                                  = (known after apply)
      + logs                                        = false
      + must_run                                    = true
      + name                                        = "nginx_container"
      + network_data                                = (known after apply)
      + read_only                                   = false
      + remove_volumes                              = true
      + restart                                     = "no"
      + rm                                          = false
      + runtime                                     = (known after apply)
      + security_opts                               = (known after apply)
      + shm_size                                    = (known after apply)
      + start                                       = true
      + stdin_open                                  = false
      + stop_signal                                 = (known after apply)
      + stop_timeout                                = (known after apply)
      + tty                                         = false
      + wait                                        = false
      + wait_timeout                                = 60

      + healthcheck (known after apply)

      + labels (known after apply)

      + ports {
          + external = 8081
          + internal = 80
          + ip       = "0.0.0.0"
          + protocol = "tcp"
        }
    }

  # docker_image.nginx will be created
  + resource "docker_image" "nginx" {
      + id          = (known after apply)
      + image_id    = (known after apply)
      + name        = "nginx:latest"
      + repo_digest = (known after apply)
    }

Plan: 2 to add, 0 to change, 0 to destroy.

Do you want to perform these actions?
  Terraform will perform the actions described above.
  Only 'yes' will be accepted to approve.

  Enter a value: yes

docker_image.nginx: Creating...
docker_image.nginx: Still creating... [10s elapsed]
docker_image.nginx: Creation complete after 15s [id=sha256:2cd1d97f893f70cee86a38b7160c30e5750f3ed6ad86c598884ca9c6a563a501nginx:latest]
docker_container.nginx_container: Creating...
docker_container.nginx_container: Creation complete after 4s [id=1d67d80cc3b62ba5e70c66cfee77d8e3fd826010f0c9a9f44829857046e0c7ad]

Apply complete! Resources: 2 added, 0 changed, 0 destroyed.

# terraform state list

C:\Users\tarun\terraform-docker>terraform state list
docker_container.nginx_container
docker_image.nginx

# terraform destroy

C:\Users\tarun\terraform-docker>terraform destroy
docker_image.nginx: Refreshing state... [id=sha256:2cd1d97f893f70cee86a38b7160c30e5750f3ed6ad86c598884ca9c6a563a501nginx:latest]
docker_container.nginx_container: Refreshing state... [id=1d67d80cc3b62ba5e70c66cfee77d8e3fd826010f0c9a9f44829857046e0c7ad]

Terraform used the selected providers to generate the following execution plan. Resource actions are indicated with the
following symbols:
  - destroy

Terraform will perform the following actions:

  # docker_container.nginx_container will be destroyed
  - resource "docker_container" "nginx_container" {
      - attach                                      = false -> null
      - command                                     = [
          - "nginx",
          - "-g",
          - "daemon off;",
        ] -> null
      - container_read_refresh_timeout_milliseconds = 15000 -> null
      - cpu_shares                                  = 0 -> null
      - dns                                         = [] -> null
      - dns_opts                                    = [] -> null
      - dns_search                                  = [] -> null
      - entrypoint                                  = [
          - "/docker-entrypoint.sh",
        ] -> null
      - env                                         = [] -> null
      - group_add                                   = [] -> null
      - hostname                                    = "1d67d80cc3b6" -> null
      - id                                          = "1d67d80cc3b62ba5e70c66cfee77d8e3fd826010f0c9a9f44829857046e0c7ad" -> null
      - image                                       = "sha256:2cd1d97f893f70cee86a38b7160c30e5750f3ed6ad86c598884ca9c6a563a501" -> null
      - init                                        = false -> null
      - ipc_mode                                    = "private" -> null
      - log_driver                                  = "json-file" -> null
      - log_opts                                    = {} -> null
      - logs                                        = false -> null
      - max_retry_count                             = 0 -> null
      - memory                                      = 0 -> null
      - memory_swap                                 = 0 -> null
      - must_run                                    = true -> null
      - name                                        = "nginx_container" -> null
      - network_data                                = [
          - {
              - gateway                   = "172.17.0.1"
              - global_ipv6_prefix_length = 0
              - ip_address                = "172.17.0.2"
              - ip_prefix_length          = 16
              - mac_address               = "02:42:ac:11:00:02"
              - network_name              = "bridge"
                # (2 unchanged attributes hidden)
            },
        ] -> null
      - network_mode                                = "default" -> null
      - privileged                                  = false -> null
      - publish_all_ports                           = false -> null
      - read_only                                   = false -> null
      - remove_volumes                              = true -> null
      - restart                                     = "no" -> null
      - rm                                          = false -> null
      - runtime                                     = "runc" -> null
      - security_opts                               = [] -> null
      - shm_size                                    = 64 -> null
      - start                                       = true -> null
      - stdin_open                                  = false -> null
      - stop_signal                                 = "SIGQUIT" -> null
      - stop_timeout                                = 0 -> null
      - storage_opts                                = {} -> null
      - sysctls                                     = {} -> null
      - tmpfs                                       = {} -> null
      - tty                                         = false -> null
      - wait                                        = false -> null
      - wait_timeout                                = 60 -> null
        # (7 unchanged attributes hidden)

      - ports {
          - external = 8081 -> null
          - internal = 80 -> null
          - ip       = "0.0.0.0" -> null
          - protocol = "tcp" -> null
        }
    }

  # docker_image.nginx will be destroyed
  - resource "docker_image" "nginx" {
      - id          = "sha256:2cd1d97f893f70cee86a38b7160c30e5750f3ed6ad86c598884ca9c6a563a501nginx:latest" -> null
      - image_id    = "sha256:2cd1d97f893f70cee86a38b7160c30e5750f3ed6ad86c598884ca9c6a563a501" -> null
      - name        = "nginx:latest" -> null
      - repo_digest = "nginx@sha256:84ec966e61a8c7846f509da7eb081c55c1d56817448728924a87ab32f12a72fb" -> null
    }

Plan: 0 to add, 0 to change, 2 to destroy.

Do you really want to destroy all resources?
  Terraform will destroy all your managed infrastructure, as shown above.
  There is no undo. Only 'yes' will be accepted to confirm.

  Enter a value: yes

docker_container.nginx_container: Destroying... [id=1d67d80cc3b62ba5e70c66cfee77d8e3fd826010f0c9a9f44829857046e0c7ad]
docker_container.nginx_container: Destruction complete after 0s
docker_image.nginx: Destroying... [id=sha256:2cd1d97f893f70cee86a38b7160c30e5750f3ed6ad86c598884ca9c6a563a501nginx:latest]
docker_image.nginx: Destruction complete after 1s

Destroy complete! Resources: 2 destroyed.

